
Microsoft Visual Studio Solution File, Format Version 12.00
# Visual Studio Version 16
VisualStudioVersion = 16.0.30611.23
MinimumVisualStudioVersion = 10.0.40219.1
Project("{9A19103F-16F7-4668-BE54-9A1E7A4F7556}") = "ProgramerBlog.Shared", "ProgramerBlog.Shared\ProgramerBlog.Shared.csproj", "{9DB0BA64-79E1-4809-A491-E536A68FBAA7}"
EndProject
Project("{9A19103F-16F7-4668-BE54-9A1E7A4F7556}") = "ProgramerBlog.Entities", "ProgramerBlog.Entitites\ProgramerBlog.Entities.csproj", "{6EB9F405-1D00-476D-92EF-340F77995FF2}"
EndProject
Project("{9A19103F-16F7-4668-BE54-9A1E7A4F7556}") = "ProgramerBlog.Data", "ProgramerBlog.Data\ProgramerBlog.Data.csproj", "{616494BB-3ADD-4233-BF4E-C2873E5E7772}"
EndProject
Project("{9A19103F-16F7-4668-BE54-9A1E7A4F7556}") = "ProgramerBlog.Services", "ProgramerBlog.Services\ProgramerBlog.Services.csproj", "{8B3FC63A-C484-4EB5-9FDD-CFFD6B3B3E57}"
EndProject
Project("{9A19103F-16F7-4668-BE54-9A1E7A4F7556}") = "Blog_Web", "Blog_Web\Blog_Web.csproj", "{86F752DB-85FC-44F8-A6CF-27349D7DDDF3}"
EndProject
Global
	GlobalSection(SolutionConfigurationPlatforms) = preSolution
		Debug|Any CPU = Debug|Any CPU
		Release|Any CPU = Release|Any CPU
	EndGlobalSection
	GlobalSection(ProjectConfigurationPlatforms) = postSolution
		{9DB0BA64-79E1-4809-A491-E536A68FBAA7}.Debug|Any CPU.ActiveCfg = Debug|Any CPU
		{9DB0BA64-79E1-4809-A491-E536A68FBAA7}.Debug|Any CPU.Build.0 = Debug|Any CPU
		{9DB0BA64-79E1-4809-A491-E536A68FBAA7}.Release|Any CPU.ActiveCfg = Release|Any CPU
		{9DB0BA64-79E1-4809-A491-E536A68FBAA7}.Release|Any CPU.Build.0 = Release|Any CPU
		{6EB9F405-1D00-476D-92EF-340F77995FF2}.Debug|Any CPU.ActiveCfg = Debug|Any CPU
		{6EB9F405-1D00-476D-92EF-340F77995FF2}.Debug|Any CPU.Build.0 = Debug|Any CPU
		{6EB9F405-1D00-476D-92EF-340F77995FF2}.Release|Any CPU.ActiveCfg = Release|Any CPU
		{6EB9F405-1D00-476D-92EF-340F77995FF2}.Release|Any CPU.Build.0 = Release|Any CPU
		{616494BB-3ADD-4233-BF4E-C2873E5E7772}.Debug|Any CPU.ActiveCfg = Debug|Any CPU
		{616494BB-3ADD-4233-BF4E-C2873E5E7772}.Debug|Any CPU.Build.0 = Debug|Any CPU
		{616494BB-3ADD-4233-BF4E-C2873E5E7772}.Release|Any CPU.ActiveCfg = Release|Any CPU
		{616494BB-3ADD-4233-BF4E-C2873E5E7772}.Release|Any CPU.Build.0 = Release|Any CPU
		{8B3FC63A-C484-4EB5-9FDD-CFFD6B3B3E57}.Debug|Any CPU.ActiveCfg = Debug|Any CPU
		{8B3FC63A-C484-4EB5-9FDD-CFFD6B3B3E57}.Debug|Any CPU.Build.0 = Debug|Any CPU
		{8B3FC63A-C484-4EB5-9FDD-CFFD6B3B3E57}.Release|Any CPU.ActiveCfg = Release|Any CPU
		{8B3FC63A-C484-4EB5-9FDD-CFFD6B3B3E57}.Release|Any CPU.Build.0 = Release|Any CPU
		{86F752DB-85FC-44F8-A6CF-27349D7DDDF3}.Debug|Any CPU.ActiveCfg = Debug|Any CPU
		{86F752DB-85FC-44F8-A6CF-27349D7DDDF3}.Debug|Any CPU.Build.0 = Debug|Any CPU
		{86F752DB-85FC-44F8-A6CF-27349D7DDDF3}.Release|Any CPU.ActiveCfg = Release|Any CPU
		{86F752DB-85FC-44F8-A6CF-27349D7DDDF3}.Release|Any CPU.Build.0 = Release|Any CPU
	EndGlobalSection
	GlobalSection(SolutionProperties) = preSolution
		HideSolutionNode = FALSE
	EndGlobalSection
	GlobalSection(ExtensibilityGlobals) = postSolution
		SolutionGuid = {4F411D8C-9951-49DB-BA58-3650009A4508}
	EndGlobalSection
EndGlobal
